
Microsoft Visual Studio Solution File, Format Version 12.00
# Visual Studio Version 17
VisualStudioVersion = 17.8.34525.116
MinimumVisualStudioVersion = 10.0.40219.1
Project("{2150E333-8FDC-42A3-9474-1A3956D46DE8}") = "src", "src", "{D2D4C6E7-DE80-4629-85B0-A07E0892A886}"
EndProject
Project("{2150E333-8FDC-42A3-9474-1A3956D46DE8}") = "Services", "Services", "{32B19DAE-E3C1-4C08-AE78-9A72118F1683}"
EndProject
Project("{2150E333-8FDC-42A3-9474-1A3956D46DE8}") = "Web", "Web", "{22EBCA07-1906-46DC-9597-702DC3709A95}"
EndProject
Project("{2150E333-8FDC-42A3-9474-1A3956D46DE8}") = "Identidade", "Identidade", "{25C17697-450E-46CF-808D-F9A344AC02F8}"
EndProject
Project("{9A19103F-16F7-4668-BE54-9A1E7A4F7556}") = "LRR.Identidade.API", "src\services\LRR.Identidade.API\LRR.Identidade.API.csproj", "{F4BC1249-B253-4ABB-A0F9-0D1BC83F786E}"
EndProject
Project("{2150E333-8FDC-42A3-9474-1A3956D46DE8}") = "Building Blocks", "Building Blocks", "{3FCD022D-2737-418D-8578-63D57D6BC653}"
EndProject
Project("{2150E333-8FDC-42A3-9474-1A3956D46DE8}") = "MVC", "MVC", "{7D9E937C-E3BF-47B3-B0E3-1BBE9E7CA6DE}"
EndProject
Project("{9A19103F-16F7-4668-BE54-9A1E7A4F7556}") = "LRR.WebApp.MVC", "src\web\LRR.WebApp.MVC\LRR.WebApp.MVC.csproj", "{2B9BDE3D-4485-4FB5-B448-DD2F78235943}"
EndProject
Project("{2150E333-8FDC-42A3-9474-1A3956D46DE8}") = "Core", "Core", "{5FC4ECED-D8CF-40A7-A6AE-26958026FF40}"
EndProject
Project("{9A19103F-16F7-4668-BE54-9A1E7A4F7556}") = "LRR.Core", "src\building blocks\LRR.Core\LRR.Core.csproj", "{3E08B626-DA03-4AC5-A213-B7811DE0DBB6}"
EndProject
Project("{2150E333-8FDC-42A3-9474-1A3956D46DE8}") = "Carrinho", "Carrinho", "{E20E4A25-3E6F-4B00-993D-133BDB718C6A}"
EndProject
Project("{9A19103F-16F7-4668-BE54-9A1E7A4F7556}") = "LRR.Carrinho.API", "src\services\LRR.Carrinho.API\LRR.Carrinho.API.csproj", "{9F8CD266-2083-4ED4-A32C-41BD65AEEFA7}"
EndProject
Project("{2150E333-8FDC-42A3-9474-1A3956D46DE8}") = "Catalogo", "Catalogo", "{80C53565-723E-4C0C-B8F2-2D0388CF1EF1}"
EndProject
Project("{9A19103F-16F7-4668-BE54-9A1E7A4F7556}") = "LRR.Catalogo.API", "src\services\LRR.Catalogo.API\LRR.Catalogo.API.csproj", "{70936275-20C3-477F-869A-AFCB427C664F}"
EndProject
Project("{2150E333-8FDC-42A3-9474-1A3956D46DE8}") = "Cliente", "Cliente", "{86340320-8692-44B5-A929-CBD3FC94A14E}"
EndProject
Project("{9A19103F-16F7-4668-BE54-9A1E7A4F7556}") = "LRR.Cliente.API", "src\services\LRR.Cliente.API\LRR.Cliente.API.csproj", "{0C132AAE-ECD0-4439-AA1F-6EA6CBF4D443}"
EndProject
Project("{2150E333-8FDC-42A3-9474-1A3956D46DE8}") = "Pagamento", "Pagamento", "{BF59D8BA-6972-48CB-AE2A-1423989739A5}"
EndProject
Project("{9A19103F-16F7-4668-BE54-9A1E7A4F7556}") = "LRR.Pagamento.API", "src\services\LRR.Pagamento.API\LRR.Pagamento.API.csproj", "{34DD2BD2-135E-436B-82DB-20B300E5309F}"
EndProject
Project("{2150E333-8FDC-42A3-9474-1A3956D46DE8}") = "Pedido", "Pedido", "{DB2A7E65-F1F2-401E-AE58-25B6C47C413D}"
EndProject
Project("{9A19103F-16F7-4668-BE54-9A1E7A4F7556}") = "LRR.Pedido.API", "src\services\LRR.Pedido.API\LRR.Pedido.API.csproj", "{26AAA128-B5A9-4F5C-AA9A-01A9DE4E0628}"
EndProject
Project("{2150E333-8FDC-42A3-9474-1A3956D46DE8}") = "Services", "Services", "{1DECCF51-7876-445C-91C9-F4FAE18AB727}"
EndProject
Project("{FAE04EC0-301F-11D3-BF4B-00C04F79EFBC}") = "LRR.WebAPI.Core", "src\building blocks\LRR.WebAPI.Core\LRR.WebAPI.Core.csproj", "{BE0682A6-C08F-4C95-B459-C3E1D26AEAB0}"
EndProject
Global
	GlobalSection(SolutionConfigurationPlatforms) = preSolution
		Debug|Any CPU = Debug|Any CPU
		Release|Any CPU = Release|Any CPU
	EndGlobalSection
	GlobalSection(ProjectConfigurationPlatforms) = postSolution
		{F4BC1249-B253-4ABB-A0F9-0D1BC83F786E}.Debug|Any CPU.ActiveCfg = Debug|Any CPU
		{F4BC1249-B253-4ABB-A0F9-0D1BC83F786E}.Debug|Any CPU.Build.0 = Debug|Any CPU
		{F4BC1249-B253-4ABB-A0F9-0D1BC83F786E}.Release|Any CPU.ActiveCfg = Release|Any CPU
		{F4BC1249-B253-4ABB-A0F9-0D1BC83F786E}.Release|Any CPU.Build.0 = Release|Any CPU
		{2B9BDE3D-4485-4FB5-B448-DD2F78235943}.Debug|Any CPU.ActiveCfg = Debug|Any CPU
		{2B9BDE3D-4485-4FB5-B448-DD2F78235943}.Debug|Any CPU.Build.0 = Debug|Any CPU
		{2B9BDE3D-4485-4FB5-B448-DD2F78235943}.Release|Any CPU.ActiveCfg = Release|Any CPU
		{2B9BDE3D-4485-4FB5-B448-DD2F78235943}.Release|Any CPU.Build.0 = Release|Any CPU
		{3E08B626-DA03-4AC5-A213-B7811DE0DBB6}.Debug|Any CPU.ActiveCfg = Debug|Any CPU
		{3E08B626-DA03-4AC5-A213-B7811DE0DBB6}.Debug|Any CPU.Build.0 = Debug|Any CPU
		{3E08B626-DA03-4AC5-A213-B7811DE0DBB6}.Release|Any CPU.ActiveCfg = Release|Any CPU
		{3E08B626-DA03-4AC5-A213-B7811DE0DBB6}.Release|Any CPU.Build.0 = Release|Any CPU
		{9F8CD266-2083-4ED4-A32C-41BD65AEEFA7}.Debug|Any CPU.ActiveCfg = Debug|Any CPU
		{9F8CD266-2083-4ED4-A32C-41BD65AEEFA7}.Debug|Any CPU.Build.0 = Debug|Any CPU
		{9F8CD266-2083-4ED4-A32C-41BD65AEEFA7}.Release|Any CPU.ActiveCfg = Release|Any CPU
		{9F8CD266-2083-4ED4-A32C-41BD65AEEFA7}.Release|Any CPU.Build.0 = Release|Any CPU
		{70936275-20C3-477F-869A-AFCB427C664F}.Debug|Any CPU.ActiveCfg = Debug|Any CPU
		{70936275-20C3-477F-869A-AFCB427C664F}.Debug|Any CPU.Build.0 = Debug|Any CPU
		{70936275-20C3-477F-869A-AFCB427C664F}.Release|Any CPU.ActiveCfg = Release|Any CPU
		{70936275-20C3-477F-869A-AFCB427C664F}.Release|Any CPU.Build.0 = Release|Any CPU
		{0C132AAE-ECD0-4439-AA1F-6EA6CBF4D443}.Debug|Any CPU.ActiveCfg = Debug|Any CPU
		{0C132AAE-ECD0-4439-AA1F-6EA6CBF4D443}.Debug|Any CPU.Build.0 = Debug|Any CPU
		{0C132AAE-ECD0-4439-AA1F-6EA6CBF4D443}.Release|Any CPU.ActiveCfg = Release|Any CPU
		{0C132AAE-ECD0-4439-AA1F-6EA6CBF4D443}.Release|Any CPU.Build.0 = Release|Any CPU
		{34DD2BD2-135E-436B-82DB-20B300E5309F}.Debug|Any CPU.ActiveCfg = Debug|Any CPU
		{34DD2BD2-135E-436B-82DB-20B300E5309F}.Debug|Any CPU.Build.0 = Debug|Any CPU
		{34DD2BD2-135E-436B-82DB-20B300E5309F}.Release|Any CPU.ActiveCfg = Release|Any CPU
		{34DD2BD2-135E-436B-82DB-20B300E5309F}.Release|Any CPU.Build.0 = Release|Any CPU
		{26AAA128-B5A9-4F5C-AA9A-01A9DE4E0628}.Debug|Any CPU.ActiveCfg = Debug|Any CPU
		{26AAA128-B5A9-4F5C-AA9A-01A9DE4E0628}.Debug|Any CPU.Build.0 = Debug|Any CPU
		{26AAA128-B5A9-4F5C-AA9A-01A9DE4E0628}.Release|Any CPU.ActiveCfg = Release|Any CPU
		{26AAA128-B5A9-4F5C-AA9A-01A9DE4E0628}.Release|Any CPU.Build.0 = Release|Any CPU
		{BE0682A6-C08F-4C95-B459-C3E1D26AEAB0}.Debug|Any CPU.ActiveCfg = Debug|Any CPU
		{BE0682A6-C08F-4C95-B459-C3E1D26AEAB0}.Debug|Any CPU.Build.0 = Debug|Any CPU
		{BE0682A6-C08F-4C95-B459-C3E1D26AEAB0}.Release|Any CPU.ActiveCfg = Release|Any CPU
		{BE0682A6-C08F-4C95-B459-C3E1D26AEAB0}.Release|Any CPU.Build.0 = Release|Any CPU
	EndGlobalSection
	GlobalSection(SolutionProperties) = preSolution
		HideSolutionNode = FALSE
	EndGlobalSection
	GlobalSection(NestedProjects) = preSolution
		{32B19DAE-E3C1-4C08-AE78-9A72118F1683} = {D2D4C6E7-DE80-4629-85B0-A07E0892A886}
		{22EBCA07-1906-46DC-9597-702DC3709A95} = {D2D4C6E7-DE80-4629-85B0-A07E0892A886}
		{25C17697-450E-46CF-808D-F9A344AC02F8} = {32B19DAE-E3C1-4C08-AE78-9A72118F1683}
		{F4BC1249-B253-4ABB-A0F9-0D1BC83F786E} = {25C17697-450E-46CF-808D-F9A344AC02F8}
		{3FCD022D-2737-418D-8578-63D57D6BC653} = {D2D4C6E7-DE80-4629-85B0-A07E0892A886}
		{7D9E937C-E3BF-47B3-B0E3-1BBE9E7CA6DE} = {22EBCA07-1906-46DC-9597-702DC3709A95}
		{2B9BDE3D-4485-4FB5-B448-DD2F78235943} = {7D9E937C-E3BF-47B3-B0E3-1BBE9E7CA6DE}
		{5FC4ECED-D8CF-40A7-A6AE-26958026FF40} = {3FCD022D-2737-418D-8578-63D57D6BC653}
		{3E08B626-DA03-4AC5-A213-B7811DE0DBB6} = {5FC4ECED-D8CF-40A7-A6AE-26958026FF40}
		{E20E4A25-3E6F-4B00-993D-133BDB718C6A} = {32B19DAE-E3C1-4C08-AE78-9A72118F1683}
		{9F8CD266-2083-4ED4-A32C-41BD65AEEFA7} = {E20E4A25-3E6F-4B00-993D-133BDB718C6A}
		{80C53565-723E-4C0C-B8F2-2D0388CF1EF1} = {32B19DAE-E3C1-4C08-AE78-9A72118F1683}
		{70936275-20C3-477F-869A-AFCB427C664F} = {80C53565-723E-4C0C-B8F2-2D0388CF1EF1}
		{86340320-8692-44B5-A929-CBD3FC94A14E} = {32B19DAE-E3C1-4C08-AE78-9A72118F1683}
		{0C132AAE-ECD0-4439-AA1F-6EA6CBF4D443} = {86340320-8692-44B5-A929-CBD3FC94A14E}
		{BF59D8BA-6972-48CB-AE2A-1423989739A5} = {32B19DAE-E3C1-4C08-AE78-9A72118F1683}
		{34DD2BD2-135E-436B-82DB-20B300E5309F} = {BF59D8BA-6972-48CB-AE2A-1423989739A5}
		{DB2A7E65-F1F2-401E-AE58-25B6C47C413D} = {22EBCA07-1906-46DC-9597-702DC3709A95}
		{26AAA128-B5A9-4F5C-AA9A-01A9DE4E0628} = {DB2A7E65-F1F2-401E-AE58-25B6C47C413D}
		{1DECCF51-7876-445C-91C9-F4FAE18AB727} = {3FCD022D-2737-418D-8578-63D57D6BC653}
		{BE0682A6-C08F-4C95-B459-C3E1D26AEAB0} = {1DECCF51-7876-445C-91C9-F4FAE18AB727}
	EndGlobalSection
	GlobalSection(ExtensibilityGlobals) = postSolution
		SolutionGuid = {680E0A73-FAC5-46B8-95AE-15872281F23E}
	EndGlobalSection
EndGlobal
